{
  "version": 4,
  "terraform_version": "1.5.7",
  "serial": 244,
  "lineage": "3c6f0f67-7957-b65c-c4b4-6c8044141d30",
  "outputs": {},
  "resources": [
    {
      "module": "module.iam",
      "mode": "managed",
      "type": "aws_iam_group",
      "name": "user_group",
      "provider": "provider[\"registry.terraform.io/hashicorp/aws\"]",
      "instances": [
        {
          "schema_version": 0,
          "attributes": {
            "arn": "arn:aws:iam::533267083060:group/myrecipebook-group",
            "id": "myrecipebook-group",
            "name": "myrecipebook-group",
            "path": "/",
            "unique_id": "AGPAXYKJR542BQJXNYUWY"
          },
          "sensitive_attributes": [],
          "private": "bnVsbA=="
        }
      ]
    },
    {
      "module": "module.iam",
      "mode": "managed",
      "type": "aws_iam_group_policy_attachment",
      "name": "attach_app_runner",
      "provider": "provider[\"registry.terraform.io/hashicorp/aws\"]",
      "instances": [
        {
          "schema_version": 0,
          "attributes": {
            "group": "myrecipebook-group",
            "id": "myrecipebook-group-20250201222032790900000003",
            "policy_arn": "arn:aws:iam::533267083060:policy/myrecipebook-AppRunnerPolicy"
          },
          "sensitive_attributes": [],
          "private": "bnVsbA==",
          "dependencies": [
            "module.iam.aws_iam_group.user_group",
            "module.iam.aws_iam_policy.app_runner_policy"
          ]
        }
      ]
    },
    {
      "module": "module.iam",
      "mode": "managed",
      "type": "aws_iam_group_policy_attachment",
      "name": "attach_ecr",
      "provider": "provider[\"registry.terraform.io/hashicorp/aws\"]",
      "instances": [
        {
          "schema_version": 0,
          "attributes": {
            "group": "myrecipebook-group",
            "id": "myrecipebook-group-20250201222032865200000006",
            "policy_arn": "arn:aws:iam::533267083060:policy/myrecipebook-ECRPolicy"
          },
          "sensitive_attributes": [],
          "private": "bnVsbA==",
          "dependencies": [
            "module.iam.aws_iam_group.user_group",
            "module.iam.aws_iam_policy.ecr_policy"
          ]
        }
      ]
    },
    {
      "module": "module.iam",
      "mode": "managed",
      "type": "aws_iam_group_policy_attachment",
      "name": "attach_iam",
      "provider": "provider[\"registry.terraform.io/hashicorp/aws\"]",
      "instances": [
        {
          "schema_version": 0,
          "attributes": {
            "group": "myrecipebook-group",
            "id": "myrecipebook-group-20250201230700536100000001",
            "policy_arn": "arn:aws:iam::533267083060:policy/myrecipebook-IAMPolicy"
          },
          "sensitive_attributes": [],
          "private": "bnVsbA==",
          "dependencies": [
            "module.iam.aws_iam_group.user_group",
            "module.iam.aws_iam_policy.iam_policy"
          ]
        }
      ]
    },
    {
      "module": "module.iam",
      "mode": "managed",
      "type": "aws_iam_group_policy_attachment",
      "name": "attach_rds",
      "provider": "provider[\"registry.terraform.io/hashicorp/aws\"]",
      "instances": [
        {
          "schema_version": 0,
          "attributes": {
            "group": "myrecipebook-group",
            "id": "myrecipebook-group-20250201222032889300000007",
            "policy_arn": "arn:aws:iam::533267083060:policy/myrecipebook-RDSPolicy"
          },
          "sensitive_attributes": [],
          "private": "bnVsbA==",
          "dependencies": [
            "module.iam.aws_iam_group.user_group",
            "module.iam.aws_iam_policy.rds_policy"
          ]
        }
      ]
    },
    {
      "module": "module.iam",
      "mode": "managed",
      "type": "aws_iam_group_policy_attachment",
      "name": "attach_s3",
      "provider": "provider[\"registry.terraform.io/hashicorp/aws\"]",
      "instances": [
        {
          "schema_version": 0,
          "attributes": {
            "group": "myrecipebook-group",
            "id": "myrecipebook-group-20250201222032801000000004",
            "policy_arn": "arn:aws:iam::533267083060:policy/myrecipebook-S3Policy"
          },
          "sensitive_attributes": [],
          "private": "bnVsbA==",
          "dependencies": [
            "module.iam.aws_iam_group.user_group",
            "module.iam.aws_iam_policy.s3_policy"
          ]
        }
      ]
    },
    {
      "module": "module.iam",
      "mode": "managed",
      "type": "aws_iam_group_policy_attachment",
      "name": "attach_sqs",
      "provider": "provider[\"registry.terraform.io/hashicorp/aws\"]",
      "instances": [
        {
          "schema_version": 0,
          "attributes": {
            "group": "myrecipebook-group",
            "id": "myrecipebook-group-20250201222032776300000002",
            "policy_arn": "arn:aws:iam::533267083060:policy/myrecipebook-SQSPolicy"
          },
          "sensitive_attributes": [],
          "private": "bnVsbA==",
          "dependencies": [
            "module.iam.aws_iam_group.user_group",
            "module.iam.aws_iam_policy.sqs_policy"
          ]
        }
      ]
    },
    {
      "module": "module.iam",
      "mode": "managed",
      "type": "aws_iam_group_policy_attachment",
      "name": "attach_vpc",
      "provider": "provider[\"registry.terraform.io/hashicorp/aws\"]",
      "instances": [
        {
          "schema_version": 0,
          "attributes": {
            "group": "myrecipebook-group",
            "id": "myrecipebook-group-20250201222032862600000005",
            "policy_arn": "arn:aws:iam::533267083060:policy/myrecipebook-VPCPolicy"
          },
          "sensitive_attributes": [],
          "private": "bnVsbA==",
          "dependencies": [
            "module.iam.aws_iam_group.user_group",
            "module.iam.aws_iam_policy.vpc_policy"
          ]
        }
      ]
    },
    {
      "module": "module.iam",
      "mode": "managed",
      "type": "aws_iam_policy",
      "name": "app_runner_policy",
      "provider": "provider[\"registry.terraform.io/hashicorp/aws\"]",
      "instances": [
        {
          "schema_version": 0,
          "attributes": {
            "arn": "arn:aws:iam::533267083060:policy/myrecipebook-AppRunnerPolicy",
            "attachment_count": 1,
            "description": "IAM policy for managing AWS App Runner",
            "id": "arn:aws:iam::533267083060:policy/myrecipebook-AppRunnerPolicy",
            "name": "myrecipebook-AppRunnerPolicy",
            "name_prefix": "",
            "path": "/",
            "policy": "{\"Statement\":[{\"Action\":[\"apprunner:CreateService\",\"apprunner:DescribeService\",\"apprunner:UpdateService\",\"apprunner:DeleteService\",\"apprunner:ListServices\",\"apprunner:TagResource\",\"apprunner:ListTagsForResource\"],\"Effect\":\"Allow\",\"Resource\":\"*\"}],\"Version\":\"2012-10-17\"}",
            "policy_id": "ANPAXYKJR542OACEDDG3P",
            "tags": {},
            "tags_all": {}
          },
          "sensitive_attributes": [],
          "private": "bnVsbA=="
        }
      ]
    },
    {
      "module": "module.iam",
      "mode": "managed",
      "type": "aws_iam_policy",
      "name": "ecr_policy",
      "provider": "provider[\"registry.terraform.io/hashicorp/aws\"]",
      "instances": [
        {
          "schema_version": 0,
          "attributes": {
            "arn": "arn:aws:iam::533267083060:policy/myrecipebook-ECRPolicy",
            "attachment_count": 1,
            "description": "IAM policy for managing Amazon ECR",
            "id": "arn:aws:iam::533267083060:policy/myrecipebook-ECRPolicy",
            "name": "myrecipebook-ECRPolicy",
            "name_prefix": "",
            "path": "/",
            "policy": "{\"Statement\":[{\"Action\":[\"ecr:CreateRepository\",\"ecr:DeleteRepository\",\"ecr:BatchCheckLayerAvailability\",\"ecr:GetDownloadUrlForLayer\",\"ecr:GetAuthorizationToken\",\"ecr:DescribeRepositories\",\"ecr:ListImages\",\"ecr:BatchGetImage\",\"ecr:GetRepositoryPolicy\",\"ecr:PutImage\",\"ecr:InitiateLayerUpload\",\"ecr:UploadLayerPart\",\"ecr:CompleteLayerUpload\",\"ecr:TagResource\",\"ecr:ListTagsForResource\",\"ecr:PutLifecyclePolicy\",\"ecr:GetLifecyclePolicy\",\"ecr:DeleteLifecyclePolicy\",\"ecr:DescribeImages\"],\"Effect\":\"Allow\",\"Resource\":\"*\"}],\"Version\":\"2012-10-17\"}",
            "policy_id": "ANPAXYKJR542FZRCOPCKR",
            "tags": {},
            "tags_all": {}
          },
          "sensitive_attributes": [],
          "private": "bnVsbA=="
        }
      ]
    },
    {
      "module": "module.iam",
      "mode": "managed",
      "type": "aws_iam_policy",
      "name": "iam_policy",
      "provider": "provider[\"registry.terraform.io/hashicorp/aws\"]",
      "instances": [
        {
          "schema_version": 0,
          "attributes": {
            "arn": "arn:aws:iam::533267083060:policy/myrecipebook-IAMPolicy",
            "attachment_count": 1,
            "description": "IAM policy for managing IAM Roles and Policies",
            "id": "arn:aws:iam::533267083060:policy/myrecipebook-IAMPolicy",
            "name": "myrecipebook-IAMPolicy",
            "name_prefix": "",
            "path": "/",
            "policy": "{\"Statement\":[{\"Action\":[\"iam:CreateRole\",\"iam:DeleteRole\",\"iam:GetRole\",\"iam:ListRoles\",\"iam:AttachRolePolicy\",\"iam:DetachRolePolicy\",\"iam:PutRolePolicy\",\"iam:DeleteRolePolicy\",\"iam:ListRolePolicies\",\"iam:ListAttachedRolePolicies\",\"iam:ListInstanceProfilesForRole\",\"iam:PassRole\",\"iam:GetInstanceProfile\",\"iam:CreateInstanceProfile\",\"iam:DeleteInstanceProfile\",\"iam:AddRoleToInstanceProfile\",\"iam:RemoveRoleFromInstanceProfile\"],\"Effect\":\"Allow\",\"Resource\":\"arn:aws:iam::533267083060:role/myrecipebook-*\"},{\"Action\":[\"iam:CreatePolicy\",\"iam:DeletePolicy\",\"iam:GetPolicy\",\"iam:GetPolicyVersion\",\"iam:ListPolicies\",\"iam:ListPolicyVersions\"],\"Effect\":\"Allow\",\"Resource\":\"arn:aws:iam::533267083060:policy/myrecipebook-*\"}],\"Version\":\"2012-10-17\"}",
            "policy_id": "ANPAXYKJR542OJYHL7F7K",
            "tags": {},
            "tags_all": {}
          },
          "sensitive_attributes": [],
          "private": "bnVsbA=="
        }
      ]
    },
    {
      "module": "module.iam",
      "mode": "managed",
      "type": "aws_iam_policy",
      "name": "rds_policy",
      "provider": "provider[\"registry.terraform.io/hashicorp/aws\"]",
      "instances": [
        {
          "schema_version": 0,
          "attributes": {
            "arn": "arn:aws:iam::533267083060:policy/myrecipebook-RDSPolicy",
            "attachment_count": 1,
            "description": "IAM policy for managing RDS",
            "id": "arn:aws:iam::533267083060:policy/myrecipebook-RDSPolicy",
            "name": "myrecipebook-RDSPolicy",
            "name_prefix": "",
            "path": "/",
            "policy": "{\"Statement\":[{\"Action\":[\"rds:DescribeDBInstances\",\"rds:CreateDBInstance\",\"rds:ModifyDBInstance\",\"rds:DeleteDBInstance\",\"rds:DescribeDBSecurityGroups\",\"rds:DescribeDBSubnetGroups\",\"rds:CreateDBSubnetGroup\",\"rds:AddTagsToResource\",\"rds:ListTagsForResource\",\"rds:DeleteDBSubnetGroup\"],\"Effect\":\"Allow\",\"Resource\":\"*\"}],\"Version\":\"2012-10-17\"}",
            "policy_id": "ANPAXYKJR542BNKL6MV56",
            "tags": {},
            "tags_all": {}
          },
          "sensitive_attributes": [],
          "private": "bnVsbA=="
        }
      ]
    },
    {
      "module": "module.iam",
      "mode": "managed",
      "type": "aws_iam_policy",
      "name": "s3_policy",
      "provider": "provider[\"registry.terraform.io/hashicorp/aws\"]",
      "instances": [
        {
          "schema_version": 0,
          "attributes": {
            "arn": "arn:aws:iam::533267083060:policy/myrecipebook-S3Policy",
            "attachment_count": 1,
            "description": "IAM policy for managing S3",
            "id": "arn:aws:iam::533267083060:policy/myrecipebook-S3Policy",
            "name": "myrecipebook-S3Policy",
            "name_prefix": "",
            "path": "/",
            "policy": "{\"Statement\":[{\"Action\":[\"s3:*\"],\"Effect\":\"Allow\",\"Resource\":[\"arn:aws:s3:::myrecipebook-s3-bucket\",\"arn:aws:s3:::myrecipebook-s3-bucket/*\"]}],\"Version\":\"2012-10-17\"}",
            "policy_id": "ANPAXYKJR542EPWADU5RX",
            "tags": {},
            "tags_all": {}
          },
          "sensitive_attributes": [],
          "private": "bnVsbA=="
        }
      ]
    },
    {
      "module": "module.iam",
      "mode": "managed",
      "type": "aws_iam_policy",
      "name": "sqs_policy",
      "provider": "provider[\"registry.terraform.io/hashicorp/aws\"]",
      "instances": [
        {
          "schema_version": 0,
          "attributes": {
            "arn": "arn:aws:iam::533267083060:policy/myrecipebook-SQSPolicy",
            "attachment_count": 1,
            "description": "IAM policy for managing SQS",
            "id": "arn:aws:iam::533267083060:policy/myrecipebook-SQSPolicy",
            "name": "myrecipebook-SQSPolicy",
            "name_prefix": "",
            "path": "/",
            "policy": "{\"Statement\":[{\"Action\":[\"sqs:CreateQueue\",\"sqs:DeleteQueue\",\"sqs:SendMessage\",\"sqs:ReceiveMessage\",\"sqs:DeleteMessage\",\"sqs:GetQueueAttributes\",\"sqs:ListQueues\",\"sqs:ListQueueTags\"],\"Effect\":\"Allow\",\"Resource\":\"*\"}],\"Version\":\"2012-10-17\"}",
            "policy_id": "ANPAXYKJR542J3T4QOF2Q",
            "tags": {},
            "tags_all": {}
          },
          "sensitive_attributes": [],
          "private": "bnVsbA=="
        }
      ]
    },
    {
      "module": "module.iam",
      "mode": "managed",
      "type": "aws_iam_policy",
      "name": "vpc_policy",
      "provider": "provider[\"registry.terraform.io/hashicorp/aws\"]",
      "instances": [
        {
          "schema_version": 0,
          "attributes": {
            "arn": "arn:aws:iam::533267083060:policy/myrecipebook-VPCPolicy",
            "attachment_count": 1,
            "description": "IAM policy for managing VPC resources",
            "id": "arn:aws:iam::533267083060:policy/myrecipebook-VPCPolicy",
            "name": "myrecipebook-VPCPolicy",
            "name_prefix": "",
            "path": "/",
            "policy": "{\"Statement\":[{\"Action\":[\"ec2:CreateVpc\",\"ec2:DescribeVpcs\",\"ec2:ModifyVpcAttribute\",\"ec2:DeleteVpc\",\"ec2:CreateSubnet\",\"ec2:ModifySubnetAttribute\",\"ec2:DescribeSubnets\",\"ec2:DeleteSubnet\",\"ec2:CreateInternetGateway\",\"ec2:AttachInternetGateway\",\"ec2:DeleteInternetGateway\",\"ec2:CreateRouteTable\",\"ec2:AssociateRouteTable\",\"ec2:DescribeRouteTables\",\"ec2:DeleteRouteTable\",\"ec2:CreateSecurityGroup\",\"ec2:DescribeSecurityGroups\",\"ec2:AuthorizeSecurityGroupIngress\",\"ec2:AuthorizeSecurityGroupEgress\",\"ec2:RevokeSecurityGroupIngress\",\"ec2:DeleteSecurityGroup\",\"ec2:DescribeAvailabilityZones\",\"ec2:CreateTags\",\"ec2:DeleteTags\",\"ec2:DescribeVpcAttribute\",\"ec2:ModifyVpcAttribute\",\"ec2:DescribeInternetGateways\",\"ec2:DescribeNetworkInterfaces\",\"ec2:DetachInternetGateway\",\"ec2:RevokeSecurityGroupEgress\",\"ec2:CreateRoute\"],\"Effect\":\"Allow\",\"Resource\":\"*\"}],\"Version\":\"2012-10-17\"}",
            "policy_id": "ANPAXYKJR542HCDKPEAID",
            "tags": {},
            "tags_all": {}
          },
          "sensitive_attributes": [],
          "private": "bnVsbA=="
        }
      ]
    },
    {
      "module": "module.iam",
      "mode": "managed",
      "type": "aws_iam_user_group_membership",
      "name": "add_user_to_group",
      "provider": "provider[\"registry.terraform.io/hashicorp/aws\"]",
      "instances": [
        {
          "schema_version": 0,
          "attributes": {
            "groups": [
              "myrecipebook-group"
            ],
            "id": "terraform-20250201222032768200000001",
            "user": "damasc-user"
          },
          "sensitive_attributes": [],
          "private": "bnVsbA==",
          "dependencies": [
            "module.iam.aws_iam_group.user_group"
          ]
        }
      ]
    }
  ],
  "check_results": null
}
